{
  "name": "mars-rover-distributed-system",
  "version": "1.0.0",
  "lockfileVersion": 3,
  "requires": true,
  "packages": {
    "": {
      "name": "mars-rover-distributed-system",
      "version": "1.0.0",
      "license": "MIT",
      "dependencies": {
        "mars-rover-distributed-system": "file:"
      },
      "engines": {
        "node": ">=18.0.0"
      }
    },
    "node_modules/mars-rover-distributed-system": {
      "resolved": "",
      "link": true
    }
  }
}
